Microsoft Visual Studio Solution File, Format Version 12.00
# Visual Studio Version 17
VisualStudioVersion = 17.5.2.0
MinimumVisualStudioVersion = 10.0.40219.1
Project("{FAE04EC0-301F-11D3-BF4B-00C04F79EFBC}") = "RazorDataPresentation", "RazorDataPresentation.csproj", "{C6A0DF65-8C0C-179C-883B-E026003C1BA6}"
EndProject
Global
	GlobalSection(SolutionConfigurationPlatforms) = preSolution
		Debug|Any CPU = Debug|Any CPU
		Release|Any CPU = Release|Any CPU
	EndGlobalSection
	GlobalSection(ProjectConfigurationPlatforms) = postSolution
		{C6A0DF65-8C0C-179C-883B-E026003C1BA6}.Debug|Any CPU.ActiveCfg = Debug|Any CPU
		{C6A0DF65-8C0C-179C-883B-E026003C1BA6}.Debug|Any CPU.Build.0 = Debug|Any CPU
		{C6A0DF65-8C0C-179C-883B-E026003C1BA6}.Release|Any CPU.ActiveCfg = Release|Any CPU
		{C6A0DF65-8C0C-179C-883B-E026003C1BA6}.Release|Any CPU.Build.0 = Release|Any CPU
	EndGlobalSection
	GlobalSection(SolutionProperties) = preSolution
		HideSolutionNode = FALSE
	EndGlobalSection
	GlobalSection(ExtensibilityGlobals) = postSolution
		SolutionGuid = {2072AFA2-9D44-4C09-A429-681182A06BF4}
	EndGlobalSection
EndGlobal
